
Microsoft Visual Studio Solution File, Format Version 12.00
# Visual Studio Version 16
VisualStudioVersion = 16.0.32002.261
MinimumVisualStudioVersion = 10.0.40219.1
Project("{FAE04EC0-301F-11D3-BF4B-00C04F79EFBC}") = "MyService", "MyService\MyService.csproj", "{4D86DC22-285B-4D91-96FB-C77D70E65413}"
EndProject
Project("{FAE04EC0-301F-11D3-BF4B-00C04F79EFBC}") = "WinServiceManager", "WinServiceManager\WinServiceManager.csproj", "{D935B992-1ADD-419F-9E2F-E20B50367E5E}"
EndProject
Global
	GlobalSection(SolutionConfigurationPlatforms) = preSolution
		Debug|Any CPU = Debug|Any CPU
		Release|Any CPU = Release|Any CPU
	EndGlobalSection
	GlobalSection(ProjectConfigurationPlatforms) = postSolution
		{4D86DC22-285B-4D91-96FB-C77D70E65413}.Debug|Any CPU.ActiveCfg = Debug|Any CPU
		{4D86DC22-285B-4D91-96FB-C77D70E65413}.Debug|Any CPU.Build.0 = Debug|Any CPU
		{4D86DC22-285B-4D91-96FB-C77D70E65413}.Release|Any CPU.ActiveCfg = Release|Any CPU
		{4D86DC22-285B-4D91-96FB-C77D70E65413}.Release|Any CPU.Build.0 = Release|Any CPU
		{D935B992-1ADD-419F-9E2F-E20B50367E5E}.Debug|Any CPU.ActiveCfg = Debug|Any CPU
		{D935B992-1ADD-419F-9E2F-E20B50367E5E}.Debug|Any CPU.Build.0 = Debug|Any CPU
		{D935B992-1ADD-419F-9E2F-E20B50367E5E}.Release|Any CPU.ActiveCfg = Release|Any CPU
		{D935B992-1ADD-419F-9E2F-E20B50367E5E}.Release|Any CPU.Build.0 = Release|Any CPU
	EndGlobalSection
	GlobalSection(SolutionProperties) = preSolution
		HideSolutionNode = FALSE
	EndGlobalSection
	GlobalSection(ExtensibilityGlobals) = postSolution
		SolutionGuid = {D1DD9F51-2B2B-44E7-B6B8-607467D87FBB}
	EndGlobalSection
EndGlobal
